{
  "version": "5",
  "specifiers": {
    "jsr:@epdoc/datetime@1": "1.0.5",
    "jsr:@epdoc/duration@0.1": "0.1.2",
    "jsr:@epdoc/string@0.1": "0.1.1",
    "jsr:@epdoc/type@1.1": "1.1.5",
    "jsr:@epdoc/type@^1.1.0": "1.1.5",
    "jsr:@epdoc/type@^1.1.5": "1.1.5",
    "jsr:@std/assert@1": "1.0.6",
    "jsr:@std/assert@^1.0.13": "1.0.13",
    "jsr:@std/assert@^1.0.6": "1.0.6",
    "jsr:@std/bytes@*": "1.0.4",
    "jsr:@std/bytes@^1.0.4": "1.0.4",
    "jsr:@std/bytes@^1.0.5": "1.0.5",
    "jsr:@std/expect@*": "1.0.4",
    "jsr:@std/fmt@^1.0.8": "1.0.8",
    "jsr:@std/fs@*": "1.0.11",
    "jsr:@std/fs@^1.0.4": "1.0.11",
    "jsr:@std/internal@^1.0.4": "1.0.4",
    "jsr:@std/internal@^1.0.6": "1.0.10",
    "jsr:@std/io@0.225": "0.225.2",
    "jsr:@std/path@^1.0.8": "1.0.8",
    "jsr:@std/testing@*": "1.0.3",
    "npm:@types/node@*": "22.15.15",
    "npm:checksum@1": "1.0.0",
    "npm:pdf-lib@*": "1.17.1",
    "npm:pdf-lib@^1.17.1": "1.17.1"
  },
  "jsr": {
    "@epdoc/datetime@1.0.5": {
      "integrity": "432f357d42ba7f820723eb2fd89cd9f8b591339b8aeb3217a1969bccdcb1a117",
      "dependencies": [
        "jsr:@epdoc/type@1.1"
      ]
    },
    "@epdoc/duration@0.1.2": {
      "integrity": "25d212a2aa412e917ce3e061b87c9fa8e6d38747cac84a1cd320d65ebcbaa699",
      "dependencies": [
        "jsr:@epdoc/type@1.1"
      ]
    },
    "@epdoc/string@0.1.1": {
      "integrity": "66bbabd6fdbe0bca8342f4dbdcd4927e744cf7a393d0ceb853c1566f7b19b4b2",
      "dependencies": [
        "jsr:@epdoc/type@^1.1.0",
        "jsr:@std/assert@^1.0.13"
      ]
    },
    "@epdoc/type@1.1.5": {
      "integrity": "44d27e8425541b942d43e4f86d8a5bf106c4ae3e4abbbb2e686e8e0e63959ad7"
    },
    "@std/assert@1.0.6": {
      "integrity": "1904c05806a25d94fe791d6d883b685c9e2dcd60e4f9fc30f4fc5cf010c72207",
      "dependencies": [
        "jsr:@std/internal@^1.0.4"
      ]
    },
    "@std/assert@1.0.13": {
      "integrity": "ae0d31e41919b12c656c742b22522c32fb26ed0cba32975cb0de2a273cb68b29",
      "dependencies": [
        "jsr:@std/internal@^1.0.6"
      ]
    },
    "@std/bytes@1.0.4": {
      "integrity": "11a0debe522707c95c7b7ef89b478c13fb1583a7cfb9a85674cd2cc2e3a28abc"
    },
    "@std/bytes@1.0.5": {
      "integrity": "4465dd739d7963d964c809202ebea6d5c6b8e3829ef25c6a224290fbb8a1021e"
    },
    "@std/expect@1.0.4": {
      "integrity": "97f68a445a9de0d9670200d2b7a19a7505a01b2cb390a983ba8d97d90ce30c4f",
      "dependencies": [
        "jsr:@std/assert@^1.0.6",
        "jsr:@std/internal@^1.0.4"
      ]
    },
    "@std/fmt@1.0.8": {
      "integrity": "71e1fc498787e4434d213647a6e43e794af4fd393ef8f52062246e06f7e372b7"
    },
    "@std/fs@1.0.11": {
      "integrity": "ba674672693340c5ebdd018b4fe1af46cb08741f42b4c538154e97d217b55bdd",
      "dependencies": [
        "jsr:@std/path"
      ]
    },
    "@std/internal@1.0.4": {
      "integrity": "62e8e4911527e5e4f307741a795c0b0a9e6958d0b3790716ae71ce085f755422"
    },
    "@std/internal@1.0.10": {
      "integrity": "e3be62ce42cab0e177c27698e5d9800122f67b766a0bea6ca4867886cbde8cf7"
    },
    "@std/io@0.225.2": {
      "integrity": "3c740cd4ee4c082e6cfc86458f47e2ab7cb353dc6234d5e9b1f91a2de5f4d6c7",
      "dependencies": [
        "jsr:@std/bytes@^1.0.5"
      ]
    },
    "@std/path@1.0.8": {
      "integrity": "548fa456bb6a04d3c1a1e7477986b6cffbce95102d0bb447c67c4ee70e0364be"
    },
    "@std/testing@1.0.3": {
      "integrity": "f98c2bee53860a5916727d7e7d3abe920dd6f9edace022e2d059f00d05c2cf42",
      "dependencies": [
        "jsr:@std/assert@^1.0.6",
        "jsr:@std/internal@^1.0.4"
      ]
    }
  },
  "npm": {
    "@pdf-lib/standard-fonts@1.0.0": {
      "integrity": "sha512-hU30BK9IUN/su0Mn9VdlVKsWBS6GyhVfqjwl1FjZN4TxP6cCw0jP2w7V3Hf5uX7M0AZJ16vey9yE0ny7Sa59ZA==",
      "dependencies": [
        "pako"
      ]
    },
    "@pdf-lib/upng@1.0.1": {
      "integrity": "sha512-dQK2FUMQtowVP00mtIksrlZhdFXQZPC+taih1q4CvPZ5vqdxR/LKBaFg0oAfzd1GlHZXXSPdQfzQnt+ViGvEIQ==",
      "dependencies": [
        "pako"
      ]
    },
    "@types/node@22.15.15": {
      "integrity": "sha512-R5muMcZob3/Jjchn5LcO8jdKwSCbzqmPB6ruBxMcf9kbxtniZHP327s6C37iOfuw8mbKK3cAQa7sEl7afLrQ8A==",
      "dependencies": [
        "undici-types"
      ]
    },
    "checksum@1.0.0": {
      "integrity": "sha512-68bHejnM/sBQhjXcXd2mFusICnqAwikZ9RVMURIacWh7moNjgOdHKimS6yk30Np/PwfR00dceY4b1GwWanu5cg==",
      "dependencies": [
        "optimist"
      ],
      "bin": true
    },
    "optimist@0.3.7": {
      "integrity": "sha512-TCx0dXQzVtSCg2OgY/bO9hjM9cV4XYx09TVK+s3+FhkjT6LovsLe+pPMzpWf+6yXK/hUizs2gUoTw3jHM0VaTQ==",
      "dependencies": [
        "wordwrap"
      ]
    },
    "pako@1.0.11": {
      "integrity": "sha512-4hLB8Py4zZce5s4yd9XzopqwVv/yGNhV1Bl8NTmCq1763HeK2+EwVTv+leGeL13Dnh2wfbqowVPXCIO0z4taYw=="
    },
    "pdf-lib@1.17.1": {
      "integrity": "sha512-V/mpyJAoTsN4cnP31vc0wfNA1+p20evqqnap0KLoRUN0Yk/p3wN52DOEsL4oBFcLdb76hlpKPtzJIgo67j/XLw==",
      "dependencies": [
        "@pdf-lib/standard-fonts",
        "@pdf-lib/upng",
        "pako",
        "tslib"
      ]
    },
    "tslib@1.14.1": {
      "integrity": "sha512-Xni35NKzjgMrwevysHTCArtLDpPvye8zV/0E4EyYn43P7/7qvQwPh9BGkHewbMulVntbigmcT7rdX3BNo9wRJg=="
    },
    "undici-types@6.21.0": {
      "integrity": "sha512-iwDZqg0QAGrg9Rav5H4n0M64c3mkR59cJ6wQp+7C4nI0gsmExaedaYLNO44eT4AtBBwjbTiGPMlt2Md0T9H9JQ=="
    },
    "wordwrap@0.0.3": {
      "integrity": "sha512-1tMA907+V4QmxV7dbRvb4/8MaRALK6q9Abid3ndMYnbyo8piisCmeONVqVSXqQA3KaP4SLt5b7ud6E2sqP8TFw=="
    }
  },
  "workspace": {
    "dependencies": [
      "jsr:@epdoc/datetime@1",
      "jsr:@epdoc/duration@0.1",
      "jsr:@epdoc/string@0.1",
      "jsr:@epdoc/type@^1.1.5",
      "jsr:@std/assert@^1.0.13",
      "jsr:@std/fmt@^1.0.8"
    ]
  }
}
