{
  "version": "5",
  "specifiers": {
    "jsr:@epdoc/cliapp@^2.2.79": "2.2.79",
    "jsr:@epdoc/colors@^1.1.2": "1.1.2",
    "jsr:@epdoc/datetime@^4.1.10": "4.1.10",
    "jsr:@epdoc/duration@~0.3.21": "0.3.21",
    "jsr:@epdoc/fmt@^1.0.15": "1.0.15",
    "jsr:@epdoc/fs@^1.5.15": "1.5.15",
    "jsr:@epdoc/logger@^1003.3.55": "1003.3.55",
    "jsr:@epdoc/loglevels@^1.0.12": "1.0.12",
    "jsr:@epdoc/msgbuilder@0.1.54": "0.1.54",
    "jsr:@epdoc/msgbuilder@~0.1.54": "0.1.54",
    "jsr:@epdoc/progress@~0.1.13": "0.1.13",
    "jsr:@epdoc/string@~0.1.29": "0.1.29",
    "jsr:@epdoc/terminal@^0.0.14": "0.0.14",
    "jsr:@epdoc/text@^1.0.7": "1.0.7",
    "jsr:@epdoc/transform@^2.0.1": "2.0.1",
    "jsr:@epdoc/type@2": "2.0.0",
    "jsr:@epdoc/type@^1.2.13": "1.2.18",
    "jsr:@std/assert@^1.0.19": "1.0.19",
    "jsr:@std/bytes@^1.0.6": "1.0.6",
    "jsr:@std/collections@^1.1.3": "1.2.0",
    "jsr:@std/data-structures@^1.1.0": "1.1.0",
    "jsr:@std/encoding@^1.0.10": "1.0.10",
    "jsr:@std/expect@^1.0.19": "1.0.19",
    "jsr:@std/fmt@^1.0.10": "1.0.10",
    "jsr:@std/fs@^1.0.24": "1.0.24",
    "jsr:@std/internal@^1.0.12": "1.0.14",
    "jsr:@std/internal@^1.0.13": "1.0.14",
    "jsr:@std/internal@^1.0.14": "1.0.14",
    "jsr:@std/path@^1.1.4": "1.1.5",
    "jsr:@std/path@^1.1.5": "1.1.5",
    "jsr:@std/testing@^1.0.19": "1.0.19",
    "jsr:@std/toml@^1.0.11": "1.0.11",
    "jsr:@std/yaml@^1.1.1": "1.1.1",
    "npm:commander@15": "15.0.0"
  },
  "jsr": {
    "@epdoc/cliapp@2.2.79": {
      "integrity": "e33dc289aed77934109fea47804175c2eb5c73f5aec29f3303b8d7582109c138",
      "dependencies": [
        "jsr:@epdoc/datetime",
        "jsr:@epdoc/progress",
        "jsr:@epdoc/type@2",
        "jsr:@std/assert",
        "jsr:@std/fmt",
        "npm:commander"
      ]
    },
    "@epdoc/colors@1.1.2": {
      "integrity": "5b565e92ff0edb01c61164625d6ddeda08ed0e503ccaec366e6336dcc4dbbe9c",
      "dependencies": [
        "jsr:@std/fmt"
      ]
    },
    "@epdoc/datetime@4.1.10": {
      "integrity": "093343e5d7944d681186fe6c1453601462a8daca9209fb6a8bf37ac0e63b6132",
      "dependencies": [
        "jsr:@epdoc/type@2"
      ]
    },
    "@epdoc/duration@0.3.21": {
      "integrity": "d8cbdc473d4146b6c300ced2c5cb1deb8d162a67bda5ebf1e7cb8cc2e9f047bd",
      "dependencies": [
        "jsr:@epdoc/type@2"
      ]
    },
    "@epdoc/fmt@1.0.15": {
      "integrity": "90e587d957f142adb84570c34371c4360c93b058f3df65a99600d748288b4291",
      "dependencies": [
        "jsr:@epdoc/colors",
        "jsr:@epdoc/duration",
        "jsr:@epdoc/type@2",
        "jsr:@std/fmt"
      ]
    },
    "@epdoc/fs@1.5.15": {
      "integrity": "ac15c51e85cff306715ed48f647975fa36c2e2a1f1a4ad50d713c409399503f3",
      "dependencies": [
        "jsr:@epdoc/datetime",
        "jsr:@epdoc/transform",
        "jsr:@epdoc/type@2",
        "jsr:@std/assert",
        "jsr:@std/bytes",
        "jsr:@std/encoding",
        "jsr:@std/fs",
        "jsr:@std/path@^1.1.5",
        "jsr:@std/toml",
        "jsr:@std/yaml"
      ]
    },
    "@epdoc/logger@1003.3.55": {
      "integrity": "ce613bf39ce92f01c0704df08ea95b7bd649e2dabdf33c54fd68b268d25d0364",
      "dependencies": [
        "jsr:@epdoc/datetime",
        "jsr:@epdoc/duration",
        "jsr:@epdoc/string",
        "jsr:@epdoc/type@2",
        "jsr:@std/assert",
        "jsr:@std/fmt"
      ]
    },
    "@epdoc/loglevels@1.0.12": {
      "integrity": "a1e1c1a0ce676df05756cc3121c4ee598bdb8859200dbc5c9878ab5fb5bde575",
      "dependencies": [
        "jsr:@epdoc/type@2",
        "jsr:@std/assert"
      ]
    },
    "@epdoc/msgbuilder@0.1.54": {
      "integrity": "666ad1a40b3e3c1b230920a8ce6bb29cc3efa398a30bf121a0175f7c0d6bf3d7",
      "dependencies": [
        "jsr:@epdoc/colors",
        "jsr:@epdoc/datetime",
        "jsr:@epdoc/fmt",
        "jsr:@epdoc/type@2",
        "jsr:@std/fmt"
      ]
    },
    "@epdoc/progress@0.1.13": {
      "integrity": "4e1c5a043a84215ecd7ca1279084814ad06447702f57c8f6417ede0ec0789133",
      "dependencies": [
        "jsr:@epdoc/terminal",
        "jsr:@epdoc/type@2",
        "jsr:@std/fmt"
      ]
    },
    "@epdoc/string@0.1.29": {
      "integrity": "ed7a4bc036b8dcfae1ca635ea00a898fcaca0da9e94c7294e5a2d99d6129792b",
      "dependencies": [
        "jsr:@epdoc/type@^1.2.13"
      ]
    },
    "@epdoc/terminal@0.0.14": {
      "integrity": "fafb9d2fe53d67417e6f005d19f099da3b6da69adff1c6ad0bcc29f2fab838a1"
    },
    "@epdoc/text@1.0.7": {
      "integrity": "ce7c7dbd6aa48681aee4e2b4820fbf2c535ac3ae4bc9ce4d0103522e262cd567",
      "dependencies": [
        "jsr:@epdoc/type@2"
      ]
    },
    "@epdoc/transform@2.0.1": {
      "integrity": "0f65cbabadd585ad12b91b49322c92decda7d88fc387bb54bcb5ce09060f055b",
      "dependencies": [
        "jsr:@epdoc/type@2",
        "jsr:@std/encoding"
      ]
    },
    "@epdoc/type@1.2.18": {
      "integrity": "0f95652669fc4e19ff7620270dffe90e998480ebcf0c286c59ccdbed3a7f0a67",
      "dependencies": [
        "jsr:@std/encoding"
      ]
    },
    "@epdoc/type@2.0.0": {
      "integrity": "f0c0d77a6b0e74ada5a568267128af88d7512154e5fdc0268d254f55012a4aa6"
    },
    "@std/assert@1.0.19": {
      "integrity": "eaada96ee120cb980bc47e040f82814d786fe8162ecc53c91d8df60b8755991e",
      "dependencies": [
        "jsr:@std/internal@^1.0.12"
      ]
    },
    "@std/bytes@1.0.6": {
      "integrity": "f6ac6adbd8ccd99314045f5703e23af0a68d7f7e58364b47d2c7f408aeb5820a"
    },
    "@std/collections@1.2.0": {
      "integrity": "47627a21d3a13138b77fd0e4d790ba9d2e603c3510b686cde6b132fe9aa98a88"
    },
    "@std/data-structures@1.1.0": {
      "integrity": "c35ae4ad5d8e41a38573c2fe3e19b18ea2505f63cfea201edcb8720aca1f7f58"
    },
    "@std/encoding@1.0.10": {
      "integrity": "8783c6384a2d13abd5e9e87a7ae0520a30e9f56aeeaa3bdf910a3eaaf5c811a1"
    },
    "@std/expect@1.0.19": {
      "integrity": "25271785688c7ff902fa54875d6aa4001f552c5578f7f0fefb5b5aac1fc2ed8a",
      "dependencies": [
        "jsr:@std/assert",
        "jsr:@std/internal@^1.0.13",
        "jsr:@std/path@^1.1.4"
      ]
    },
    "@std/fmt@1.0.10": {
      "integrity": "90dfba288802ac6de82fb31d0917eb9e4450b9925b954d5e51fc29ac07419db5"
    },
    "@std/fs@1.0.24": {
      "integrity": "f3061b45b81673a2bece689da041df32d174be064c89eb6397fb5718d3fb7877",
      "dependencies": [
        "jsr:@std/internal@^1.0.14",
        "jsr:@std/path@^1.1.5"
      ]
    },
    "@std/internal@1.0.14": {
      "integrity": "291516b3d4c35024d6ffbc0a9df5bf4c64116e05b50012cf846710152d2ffdf7"
    },
    "@std/path@1.1.5": {
      "integrity": "ccea00982ea28c36becaf6e62f855406c76a8c32d462f66f415bbb7d83a271bc",
      "dependencies": [
        "jsr:@std/internal@^1.0.14"
      ]
    },
    "@std/testing@1.0.19": {
      "integrity": "f4236172365b216728dc3cc8b5e80a9f4c33083d1e4ede7613d5b25b4014898e",
      "dependencies": [
        "jsr:@std/assert",
        "jsr:@std/data-structures",
        "jsr:@std/fs",
        "jsr:@std/internal@^1.0.14",
        "jsr:@std/path@^1.1.5"
      ]
    },
    "@std/toml@1.0.11": {
      "integrity": "e084988b872ca4bad6aedfb7350f6eeed0e8ba88e9ee5e1590621c5b5bb8f715",
      "dependencies": [
        "jsr:@std/collections"
      ]
    },
    "@std/yaml@1.1.1": {
      "integrity": "a57665ecf3d17b926380593a56625d8a10cc7281802f1e993b5ebc94a48e71f8"
    }
  },
  "npm": {
    "commander@15.0.0": {
      "integrity": "sha512-z67u4ZhzCL/Tydu1lJARtEZYWbWaN7oYLHbsuzocr6y4N6WZAagG3RQ4FW61V1/0+jImpj293XfrcYnd1qxtPg=="
    }
  },
  "workspace": {
    "members": {
      "packages/cliapp": {
        "dependencies": [
          "jsr:@epdoc/datetime@^4.1.10",
          "jsr:@epdoc/logger@^1003.3.55",
          "jsr:@epdoc/loglevels@^1.0.12",
          "jsr:@epdoc/msgbuilder@~0.1.54",
          "jsr:@epdoc/progress@~0.1.13",
          "jsr:@epdoc/type@2",
          "jsr:@std/assert@^1.0.19",
          "jsr:@std/fmt@^1.0.10",
          "npm:commander@15"
        ]
      },
      "packages/demo": {
        "dependencies": [
          "jsr:@epdoc/fs@^1.5.15",
          "jsr:@epdoc/type@2",
          "jsr:@std/assert@^1.0.19"
        ]
      },
      "packages/demo-cliapp": {
        "dependencies": [
          "jsr:@epdoc/logger@^1003.3.55",
          "jsr:@epdoc/msgbuilder@~0.1.54",
          "jsr:@epdoc/type@2",
          "jsr:@std/fmt@^1.0.10"
        ]
      },
      "packages/examples": {
        "dependencies": [
          "jsr:@epdoc/datetime@^4.1.10",
          "jsr:@epdoc/progress@~0.1.13",
          "jsr:@epdoc/type@2",
          "jsr:@std/expect@^1.0.19",
          "jsr:@std/testing@^1.0.19"
        ]
      },
      "packages/logger": {
        "dependencies": [
          "jsr:@epdoc/datetime@^4.1.10",
          "jsr:@epdoc/duration@~0.3.21",
          "jsr:@epdoc/loglevels@^1.0.12",
          "jsr:@epdoc/msgbuilder@0.1.54",
          "jsr:@epdoc/text@^1.0.7",
          "jsr:@epdoc/type@2",
          "jsr:@std/assert@^1.0.19",
          "jsr:@std/expect@^1.0.19",
          "jsr:@std/fmt@^1.0.10",
          "jsr:@std/testing@^1.0.19"
        ]
      },
      "packages/loglevels": {
        "dependencies": [
          "jsr:@epdoc/type@2",
          "jsr:@std/assert@^1.0.19",
          "jsr:@std/fmt@^1.0.10"
        ]
      },
      "packages/msgbuilder": {
        "dependencies": [
          "jsr:@epdoc/colors@^1.1.2",
          "jsr:@epdoc/datetime@^4.1.10",
          "jsr:@epdoc/duration@~0.3.21",
          "jsr:@epdoc/fmt@^1.0.15",
          "jsr:@epdoc/type@2",
          "jsr:@std/assert@^1.0.19",
          "jsr:@std/expect@^1.0.19",
          "jsr:@std/fmt@^1.0.10",
          "jsr:@std/testing@^1.0.19"
        ]
      },
      "packages/template": {
        "dependencies": [
          "jsr:@epdoc/cliapp@^2.2.79",
          "jsr:@epdoc/logger@^1003.3.55",
          "jsr:@epdoc/progress@~0.1.13",
          "jsr:@epdoc/type@2",
          "jsr:@std/assert@^1.0.19",
          "jsr:@std/fmt@^1.0.10"
        ]
      }
    }
  }
}
